<?xml version="1.0" encoding="UTF-8"?>
<Scheme
   version = "1.3">
   <BuildAction>
      <BuildActionEntries>
         <BuildActionEntry
            buildForRunning = "YES">
            <BuildableReference
               BuildableIdentifier = "primary"
               BlueprintIdentifier = "C4F674E3266E1170003DE027"
               BuildableName = "TableViewMyPlaces.app"
               BlueprintName = "TableViewMyPlaces"
               ReferencedContainer = "container:TableViewMyPlaces.xcodeproj">
            </BuildableReference>
         </BuildActionEntry>
      </BuildActionEntries>
   </BuildAction>
   <LaunchAction
      useCustomWorkingDirectory = "NO"
      buildConfiguration = "Debug"
      allowLocationSimulation = "YES">
      <BuildableProductRunnable>
         <BuildableReference
            BuildableIdentifier = "primary"
            BlueprintIdentifier = "C4F674E3266E1170003DE027"
            BuildableName = "TableViewMyPlaces.app"
            BlueprintName = "TableViewMyPlaces"
            ReferencedContainer = "container:TableViewMyPlaces.xcodeproj">
         </BuildableReference>
      </BuildableProductRunnable>
   </LaunchAction>
</Scheme>
